
Microsoft Visual Studio Solution File, Format Version 12.00
# Visual Studio Version 17
VisualStudioVersion = 17.8.0.0
MinimumVisualStudioVersion = 17.8.0.0
Project("{9A19103F-16F7-4668-BE54-9A1E7A4F7556}") = "DistributedLogistics.AppHost", "DistributedLogistics.AppHost\DistributedLogistics.AppHost.csproj", "{C648D626-5E98-4F5A-B088-9FE68710CDA7}"
EndProject
Project("{9A19103F-16F7-4668-BE54-9A1E7A4F7556}") = "DistributedLogistics.ServiceDefaults", "DistributedLogistics.ServiceDefaults\DistributedLogistics.ServiceDefaults.csproj", "{2ECF30D4-E564-478E-82CC-2F5C621FD60C}"
EndProject
Project("{FAE04EC0-301F-11D3-BF4B-00C04F79EFBC}") = "Catalog.API", "Catalog.API\Catalog.API.csproj", "{604901DC-BF11-4308-A6D8-A8F0A79A8B25}"
EndProject
Global
	GlobalSection(SolutionConfigurationPlatforms) = preSolution
		Debug|Any CPU = Debug|Any CPU
		Debug|x64 = Debug|x64
		Debug|x86 = Debug|x86
		Release|Any CPU = Release|Any CPU
		Release|x64 = Release|x64
		Release|x86 = Release|x86
	EndGlobalSection
	GlobalSection(ProjectConfigurationPlatforms) = postSolution
		{C648D626-5E98-4F5A-B088-9FE68710CDA7}.Debug|Any CPU.ActiveCfg = Debug|Any CPU
		{C648D626-5E98-4F5A-B088-9FE68710CDA7}.Debug|Any CPU.Build.0 = Debug|Any CPU
		{C648D626-5E98-4F5A-B088-9FE68710CDA7}.Debug|x64.ActiveCfg = Debug|Any CPU
		{C648D626-5E98-4F5A-B088-9FE68710CDA7}.Debug|x64.Build.0 = Debug|Any CPU
		{C648D626-5E98-4F5A-B088-9FE68710CDA7}.Debug|x86.ActiveCfg = Debug|Any CPU
		{C648D626-5E98-4F5A-B088-9FE68710CDA7}.Debug|x86.Build.0 = Debug|Any CPU
		{C648D626-5E98-4F5A-B088-9FE68710CDA7}.Release|Any CPU.ActiveCfg = Release|Any CPU
		{C648D626-5E98-4F5A-B088-9FE68710CDA7}.Release|Any CPU.Build.0 = Release|Any CPU
		{C648D626-5E98-4F5A-B088-9FE68710CDA7}.Release|x64.ActiveCfg = Release|Any CPU
		{C648D626-5E98-4F5A-B088-9FE68710CDA7}.Release|x64.Build.0 = Release|Any CPU
		{C648D626-5E98-4F5A-B088-9FE68710CDA7}.Release|x86.ActiveCfg = Release|Any CPU
		{C648D626-5E98-4F5A-B088-9FE68710CDA7}.Release|x86.Build.0 = Release|Any CPU
		{2ECF30D4-E564-478E-82CC-2F5C621FD60C}.Debug|Any CPU.ActiveCfg = Debug|Any CPU
		{2ECF30D4-E564-478E-82CC-2F5C621FD60C}.Debug|Any CPU.Build.0 = Debug|Any CPU
		{2ECF30D4-E564-478E-82CC-2F5C621FD60C}.Debug|x64.ActiveCfg = Debug|Any CPU
		{2ECF30D4-E564-478E-82CC-2F5C621FD60C}.Debug|x64.Build.0 = Debug|Any CPU
		{2ECF30D4-E564-478E-82CC-2F5C621FD60C}.Debug|x86.ActiveCfg = Debug|Any CPU
		{2ECF30D4-E564-478E-82CC-2F5C621FD60C}.Debug|x86.Build.0 = Debug|Any CPU
		{2ECF30D4-E564-478E-82CC-2F5C621FD60C}.Release|Any CPU.ActiveCfg = Release|Any CPU
		{2ECF30D4-E564-478E-82CC-2F5C621FD60C}.Release|Any CPU.Build.0 = Release|Any CPU
		{2ECF30D4-E564-478E-82CC-2F5C621FD60C}.Release|x64.ActiveCfg = Release|Any CPU
		{2ECF30D4-E564-478E-82CC-2F5C621FD60C}.Release|x64.Build.0 = Release|Any CPU
		{2ECF30D4-E564-478E-82CC-2F5C621FD60C}.Release|x86.ActiveCfg = Release|Any CPU
		{2ECF30D4-E564-478E-82CC-2F5C621FD60C}.Release|x86.Build.0 = Release|Any CPU
		{604901DC-BF11-4308-A6D8-A8F0A79A8B25}.Debug|Any CPU.ActiveCfg = Debug|Any CPU
		{604901DC-BF11-4308-A6D8-A8F0A79A8B25}.Debug|Any CPU.Build.0 = Debug|Any CPU
		{604901DC-BF11-4308-A6D8-A8F0A79A8B25}.Debug|x64.ActiveCfg = Debug|Any CPU
		{604901DC-BF11-4308-A6D8-A8F0A79A8B25}.Debug|x64.Build.0 = Debug|Any CPU
		{604901DC-BF11-4308-A6D8-A8F0A79A8B25}.Debug|x86.ActiveCfg = Debug|Any CPU
		{604901DC-BF11-4308-A6D8-A8F0A79A8B25}.Debug|x86.Build.0 = Debug|Any CPU
		{604901DC-BF11-4308-A6D8-A8F0A79A8B25}.Release|Any CPU.ActiveCfg = Release|Any CPU
		{604901DC-BF11-4308-A6D8-A8F0A79A8B25}.Release|Any CPU.Build.0 = Release|Any CPU
		{604901DC-BF11-4308-A6D8-A8F0A79A8B25}.Release|x64.ActiveCfg = Release|Any CPU
		{604901DC-BF11-4308-A6D8-A8F0A79A8B25}.Release|x64.Build.0 = Release|Any CPU
		{604901DC-BF11-4308-A6D8-A8F0A79A8B25}.Release|x86.ActiveCfg = Release|Any CPU
		{604901DC-BF11-4308-A6D8-A8F0A79A8B25}.Release|x86.Build.0 = Release|Any CPU
	EndGlobalSection
	GlobalSection(SolutionProperties) = preSolution
		HideSolutionNode = FALSE
	EndGlobalSection
	GlobalSection(ExtensibilityGlobals) = postSolution
		SolutionGuid = {D1397771-EA00-4729-95A1-FB0E23004CF7}
	EndGlobalSection
EndGlobal
